
Microsoft Visual Studio Solution File, Format Version 12.00
# Visual Studio Version 17
VisualStudioVersion = 17.14.36301.6 d17.14
MinimumVisualStudioVersion = 10.0.40219.1
Project("{FAE04EC0-301F-11D3-BF4B-00C04F79EFBC}") = "backend", "backend.csproj", "{B3364309-DD13-47F1-AF1C-F26858931D50}"
EndProject
Global
	GlobalSection(SolutionConfigurationPlatforms) = preSolution
		Debug|Any CPU = Debug|Any CPU
		Release|Any CPU = Release|Any CPU
	EndGlobalSection
	GlobalSection(ProjectConfigurationPlatforms) = postSolution
		{B3364309-DD13-47F1-AF1C-F26858931D50}.Debug|Any CPU.ActiveCfg = Debug|Any CPU
		{B3364309-DD13-47F1-AF1C-F26858931D50}.Debug|Any CPU.Build.0 = Debug|Any CPU
		{B3364309-DD13-47F1-AF1C-F26858931D50}.Release|Any CPU.ActiveCfg = Release|Any CPU
		{B3364309-DD13-47F1-AF1C-F26858931D50}.Release|Any CPU.Build.0 = Release|Any CPU
	EndGlobalSection
	GlobalSection(SolutionProperties) = preSolution
		HideSolutionNode = FALSE
	EndGlobalSection
	GlobalSection(ExtensibilityGlobals) = postSolution
		SolutionGuid = {826A7617-589C-4183-B151-66BFE863CDF9}
	EndGlobalSection
EndGlobal
